
Microsoft Visual Studio Solution File, Format Version 12.00
# Visual Studio Version 17
VisualStudioVersion = 17.4.33213.308
MinimumVisualStudioVersion = 10.0.40219.1
Project("{FAE04EC0-301F-11D3-BF4B-00C04F79EFBC}") = "SeleniumTestProjecy", "SeleniumTestProjecy\SeleniumTestProjecy.csproj", "{FC4BCEB2-484C-485E-8F78-4EC7605F9339}"
EndProject
Global
	GlobalSection(SolutionConfigurationPlatforms) = preSolution
		Debug|Any CPU = Debug|Any CPU
		Release|Any CPU = Release|Any CPU
	EndGlobalSection
	GlobalSection(ProjectConfigurationPlatforms) = postSolution
		{FC4BCEB2-484C-485E-8F78-4EC7605F9339}.Debug|Any CPU.ActiveCfg = Debug|Any CPU
		{FC4BCEB2-484C-485E-8F78-4EC7605F9339}.Debug|Any CPU.Build.0 = Debug|Any CPU
		{FC4BCEB2-484C-485E-8F78-4EC7605F9339}.Release|Any CPU.ActiveCfg = Release|Any CPU
		{FC4BCEB2-484C-485E-8F78-4EC7605F9339}.Release|Any CPU.Build.0 = Release|Any CPU
	EndGlobalSection
	GlobalSection(SolutionProperties) = preSolution
		HideSolutionNode = FALSE
	EndGlobalSection
	GlobalSection(ExtensibilityGlobals) = postSolution
		SolutionGuid = {0AE445D4-81C2-4D68-B695-7ED0FA9B07AE}
	EndGlobalSection
EndGlobal
